
Microsoft Visual Studio Solution File, Format Version 12.00
# Visual Studio Version 17
VisualStudioVersion = 17.8.34511.84
MinimumVisualStudioVersion = 10.0.40219.1
Project("{FAE04EC0-301F-11D3-BF4B-00C04F79EFBC}") = "ModificadorRefOut", "ModificadorRefOut.csproj", "{D33DC598-3DFC-4F46-B891-A18BBE26C46A}"
EndProject
Global
	GlobalSection(SolutionConfigurationPlatforms) = preSolution
		Debug|Any CPU = Debug|Any CPU
		Release|Any CPU = Release|Any CPU
	EndGlobalSection
	GlobalSection(ProjectConfigurationPlatforms) = postSolution
		{D33DC598-3DFC-4F46-B891-A18BBE26C46A}.Debug|Any CPU.ActiveCfg = Debug|Any CPU
		{D33DC598-3DFC-4F46-B891-A18BBE26C46A}.Debug|Any CPU.Build.0 = Debug|Any CPU
		{D33DC598-3DFC-4F46-B891-A18BBE26C46A}.Release|Any CPU.ActiveCfg = Release|Any CPU
		{D33DC598-3DFC-4F46-B891-A18BBE26C46A}.Release|Any CPU.Build.0 = Release|Any CPU
	EndGlobalSection
	GlobalSection(SolutionProperties) = preSolution
		HideSolutionNode = FALSE
	EndGlobalSection
	GlobalSection(ExtensibilityGlobals) = postSolution
		SolutionGuid = {0D8CEFAD-EA10-41A1-94F3-5AEAA0262198}
	EndGlobalSection
EndGlobal
