
Microsoft Visual Studio Solution File, Format Version 12.00
# Visual Studio Version 17
VisualStudioVersion = 17.0.31903.59
MinimumVisualStudioVersion = 10.0.40219.1
Project("{FAE04EC0-301F-11D3-BF4B-00C04F79EFBC}") = "Ex01", "Ex01\Ex01.csproj", "{74D07998-4B52-41E4-9269-87B59DC48E4F}"
EndProject
Project("{FAE04EC0-301F-11D3-BF4B-00C04F79EFBC}") = "Estoque", "Estoque\Estoque.csproj", "{177DC057-544B-4719-A664-01F27B1687F7}"
EndProject
Project("{FAE04EC0-301F-11D3-BF4B-00C04F79EFBC}") = "Ex01Retangulo", "Ex01Retangulo\Ex01Retangulo.csproj", "{9F0E63CE-3EDC-409A-8AB1-9E922DBDFCEB}"
EndProject
Project("{FAE04EC0-301F-11D3-BF4B-00C04F79EFBC}") = "Ex02Funcionario", "Ex02Funcionario\Ex02Funcionario.csproj", "{8CBC981C-6E4E-4404-A0EF-BBE844F52DD8}"
EndProject
Project("{FAE04EC0-301F-11D3-BF4B-00C04F79EFBC}") = "CotacaoDolar", "CotacaoDolar\CotacaoDolar.csproj", "{A2A771DC-D131-4D1B-BF7D-F2B73AA1A822}"
EndProject
Project("{FAE04EC0-301F-11D3-BF4B-00C04F79EFBC}") = "Encapsulamento", "Encapsulamento\Encapsulamento.csproj", "{33054B3E-0E42-4EC9-880A-4563621DDA13}"
EndProject
Project("{FAE04EC0-301F-11D3-BF4B-00C04F79EFBC}") = "Banco", "Banco\Banco.csproj", "{3162DAA2-BF81-4C67-A707-44C7BD1B45B2}"
EndProject
Project("{FAE04EC0-301F-11D3-BF4B-00C04F79EFBC}") = "Struct", "Struct\Struct.csproj", "{5E379953-4492-4F0E-828B-A8B7AAEBC81E}"
EndProject
Project("{FAE04EC0-301F-11D3-BF4B-00C04F79EFBC}") = "Rent", "Rent\Rent.csproj", "{085546BB-EEF1-4252-B447-AF8DC13784A7}"
EndProject
Global
	GlobalSection(SolutionConfigurationPlatforms) = preSolution
		Debug|Any CPU = Debug|Any CPU
		Release|Any CPU = Release|Any CPU
	EndGlobalSection
	GlobalSection(SolutionProperties) = preSolution
		HideSolutionNode = FALSE
	EndGlobalSection
	GlobalSection(ProjectConfigurationPlatforms) = postSolution
		{74D07998-4B52-41E4-9269-87B59DC48E4F}.Debug|Any CPU.ActiveCfg = Debug|Any CPU
		{74D07998-4B52-41E4-9269-87B59DC48E4F}.Debug|Any CPU.Build.0 = Debug|Any CPU
		{74D07998-4B52-41E4-9269-87B59DC48E4F}.Release|Any CPU.ActiveCfg = Release|Any CPU
		{74D07998-4B52-41E4-9269-87B59DC48E4F}.Release|Any CPU.Build.0 = Release|Any CPU
		{177DC057-544B-4719-A664-01F27B1687F7}.Debug|Any CPU.ActiveCfg = Debug|Any CPU
		{177DC057-544B-4719-A664-01F27B1687F7}.Debug|Any CPU.Build.0 = Debug|Any CPU
		{177DC057-544B-4719-A664-01F27B1687F7}.Release|Any CPU.ActiveCfg = Release|Any CPU
		{177DC057-544B-4719-A664-01F27B1687F7}.Release|Any CPU.Build.0 = Release|Any CPU
		{9F0E63CE-3EDC-409A-8AB1-9E922DBDFCEB}.Debug|Any CPU.ActiveCfg = Debug|Any CPU
		{9F0E63CE-3EDC-409A-8AB1-9E922DBDFCEB}.Debug|Any CPU.Build.0 = Debug|Any CPU
		{9F0E63CE-3EDC-409A-8AB1-9E922DBDFCEB}.Release|Any CPU.ActiveCfg = Release|Any CPU
		{9F0E63CE-3EDC-409A-8AB1-9E922DBDFCEB}.Release|Any CPU.Build.0 = Release|Any CPU
		{8CBC981C-6E4E-4404-A0EF-BBE844F52DD8}.Debug|Any CPU.ActiveCfg = Debug|Any CPU
		{8CBC981C-6E4E-4404-A0EF-BBE844F52DD8}.Debug|Any CPU.Build.0 = Debug|Any CPU
		{8CBC981C-6E4E-4404-A0EF-BBE844F52DD8}.Release|Any CPU.ActiveCfg = Release|Any CPU
		{8CBC981C-6E4E-4404-A0EF-BBE844F52DD8}.Release|Any CPU.Build.0 = Release|Any CPU
		{A2A771DC-D131-4D1B-BF7D-F2B73AA1A822}.Debug|Any CPU.ActiveCfg = Debug|Any CPU
		{A2A771DC-D131-4D1B-BF7D-F2B73AA1A822}.Debug|Any CPU.Build.0 = Debug|Any CPU
		{A2A771DC-D131-4D1B-BF7D-F2B73AA1A822}.Release|Any CPU.ActiveCfg = Release|Any CPU
		{A2A771DC-D131-4D1B-BF7D-F2B73AA1A822}.Release|Any CPU.Build.0 = Release|Any CPU
		{33054B3E-0E42-4EC9-880A-4563621DDA13}.Debug|Any CPU.ActiveCfg = Debug|Any CPU
		{33054B3E-0E42-4EC9-880A-4563621DDA13}.Debug|Any CPU.Build.0 = Debug|Any CPU
		{33054B3E-0E42-4EC9-880A-4563621DDA13}.Release|Any CPU.ActiveCfg = Release|Any CPU
		{33054B3E-0E42-4EC9-880A-4563621DDA13}.Release|Any CPU.Build.0 = Release|Any CPU
		{3162DAA2-BF81-4C67-A707-44C7BD1B45B2}.Debug|Any CPU.ActiveCfg = Debug|Any CPU
		{3162DAA2-BF81-4C67-A707-44C7BD1B45B2}.Debug|Any CPU.Build.0 = Debug|Any CPU
		{3162DAA2-BF81-4C67-A707-44C7BD1B45B2}.Release|Any CPU.ActiveCfg = Release|Any CPU
		{3162DAA2-BF81-4C67-A707-44C7BD1B45B2}.Release|Any CPU.Build.0 = Release|Any CPU
		{5E379953-4492-4F0E-828B-A8B7AAEBC81E}.Debug|Any CPU.ActiveCfg = Debug|Any CPU
		{5E379953-4492-4F0E-828B-A8B7AAEBC81E}.Debug|Any CPU.Build.0 = Debug|Any CPU
		{5E379953-4492-4F0E-828B-A8B7AAEBC81E}.Release|Any CPU.ActiveCfg = Release|Any CPU
		{5E379953-4492-4F0E-828B-A8B7AAEBC81E}.Release|Any CPU.Build.0 = Release|Any CPU
		{085546BB-EEF1-4252-B447-AF8DC13784A7}.Debug|Any CPU.ActiveCfg = Debug|Any CPU
		{085546BB-EEF1-4252-B447-AF8DC13784A7}.Debug|Any CPU.Build.0 = Debug|Any CPU
		{085546BB-EEF1-4252-B447-AF8DC13784A7}.Release|Any CPU.ActiveCfg = Release|Any CPU
		{085546BB-EEF1-4252-B447-AF8DC13784A7}.Release|Any CPU.Build.0 = Release|Any CPU
	EndGlobalSection
EndGlobal
