
Microsoft Visual Studio Solution File, Format Version 12.00
# Visual Studio Version 17
VisualStudioVersion = 17.8.34511.84
MinimumVisualStudioVersion = 10.0.40219.1
Project("{FAE04EC0-301F-11D3-BF4B-00C04F79EFBC}") = "SwitchCase", "SwitchCase.csproj", "{C34FCBFC-DE9F-4C13-8CB2-A0534B7179CA}"
EndProject
Global
	GlobalSection(SolutionConfigurationPlatforms) = preSolution
		Debug|Any CPU = Debug|Any CPU
		Release|Any CPU = Release|Any CPU
	EndGlobalSection
	GlobalSection(ProjectConfigurationPlatforms) = postSolution
		{C34FCBFC-DE9F-4C13-8CB2-A0534B7179CA}.Debug|Any CPU.ActiveCfg = Debug|Any CPU
		{C34FCBFC-DE9F-4C13-8CB2-A0534B7179CA}.Debug|Any CPU.Build.0 = Debug|Any CPU
		{C34FCBFC-DE9F-4C13-8CB2-A0534B7179CA}.Release|Any CPU.ActiveCfg = Release|Any CPU
		{C34FCBFC-DE9F-4C13-8CB2-A0534B7179CA}.Release|Any CPU.Build.0 = Release|Any CPU
	EndGlobalSection
	GlobalSection(SolutionProperties) = preSolution
		HideSolutionNode = FALSE
	EndGlobalSection
	GlobalSection(ExtensibilityGlobals) = postSolution
		SolutionGuid = {67EF4E4E-F86E-4508-9610-E97D8C25E827}
	EndGlobalSection
EndGlobal
