
Microsoft Visual Studio Solution File, Format Version 12.00
# Visual Studio Version 17
VisualStudioVersion = 17.8.34511.84
MinimumVisualStudioVersion = 10.0.40219.1
Project("{FAE04EC0-301F-11D3-BF4B-00C04F79EFBC}") = "ExResolv2", "ExResolv2.csproj", "{3A95BF70-8F04-496F-927B-8943FE3C9EDA}"
EndProject
Global
	GlobalSection(SolutionConfigurationPlatforms) = preSolution
		Debug|Any CPU = Debug|Any CPU
		Release|Any CPU = Release|Any CPU
	EndGlobalSection
	GlobalSection(ProjectConfigurationPlatforms) = postSolution
		{3A95BF70-8F04-496F-927B-8943FE3C9EDA}.Debug|Any CPU.ActiveCfg = Debug|Any CPU
		{3A95BF70-8F04-496F-927B-8943FE3C9EDA}.Debug|Any CPU.Build.0 = Debug|Any CPU
		{3A95BF70-8F04-496F-927B-8943FE3C9EDA}.Release|Any CPU.ActiveCfg = Release|Any CPU
		{3A95BF70-8F04-496F-927B-8943FE3C9EDA}.Release|Any CPU.Build.0 = Release|Any CPU
	EndGlobalSection
	GlobalSection(SolutionProperties) = preSolution
		HideSolutionNode = FALSE
	EndGlobalSection
	GlobalSection(ExtensibilityGlobals) = postSolution
		SolutionGuid = {EBAD2309-A30D-43A7-A0C9-E3C97D842CB8}
	EndGlobalSection
EndGlobal
